{
  "name": "website",
  "version": "1.0.0",
  "lockfileVersion": 2,
  "requires": true,
  "packages": {
    "": {
      "name": "website",
      "version": "1.0.0",
      "license": "ISC",
      "dependencies": {
        "jquery": "3.6.0",
        "jscroll": "2.4.1",
        "uglify-js": "^3.17.4"
      }
    },
    "node_modules/jquery": {
      "version": "3.6.0",
      "resolved": "https://registry.npmjs.org/jquery/-/jquery-3.6.0.tgz",
      "integrity": "sha512-JVzAR/AjBvVt2BmYhxRCSYysDsPcssdmTFnzyLEts9qNwmjmu4JTAMYubEfwVOSwpQ1I1sKKFcxhZCI2buerfw=="
    },
    "node_modules/jscroll": {
      "version": "2.4.1",
      "resolved": "https://registry.npmjs.org/jscroll/-/jscroll-2.4.1.tgz",
      "integrity": "sha512-REd02wSyp9+mfpv8/UIHYLZD4zPJ8Bqy5dN9x/DpZ5t/ivRZosEF2AjriZ/PKikx48/o+Ep6xAsNiZ6S26X2LQ=="
    },
    "node_modules/uglify-js": {
      "version": "3.17.4",
      "resolved": "https://registry.npmjs.org/uglify-js/-/uglify-js-3.17.4.tgz",
      "integrity": "sha512-T9q82TJI9e/C1TAxYvfb16xO120tMVFZrGA3f9/P4424DNu6ypK103y0GPFVa17yotwSyZW5iYXgjYHkGrJW/g==",
      "bin": {
        "uglifyjs": "bin/uglifyjs"
      },
      "engines": {
        "node": ">=0.8.0"
      }
    }
  },
  "dependencies": {
    "jquery": {
      "version": "3.6.0",
      "resolved": "https://registry.npmjs.org/jquery/-/jquery-3.6.0.tgz",
      "integrity": "sha512-JVzAR/AjBvVt2BmYhxRCSYysDsPcssdmTFnzyLEts9qNwmjmu4JTAMYubEfwVOSwpQ1I1sKKFcxhZCI2buerfw=="
    },
    "jscroll": {
      "version": "2.4.1",
      "resolved": "https://registry.npmjs.org/jscroll/-/jscroll-2.4.1.tgz",
      "integrity": "sha512-REd02wSyp9+mfpv8/UIHYLZD4zPJ8Bqy5dN9x/DpZ5t/ivRZosEF2AjriZ/PKikx48/o+Ep6xAsNiZ6S26X2LQ=="
    },
    "uglify-js": {
      "version": "3.17.4",
      "resolved": "https://registry.npmjs.org/uglify-js/-/uglify-js-3.17.4.tgz",
      "integrity": "sha512-T9q82TJI9e/C1TAxYvfb16xO120tMVFZrGA3f9/P4424DNu6ypK103y0GPFVa17yotwSyZW5iYXgjYHkGrJW/g=="
    }
  }
}
