{
  "name": "website",
  "version": "1.0.0",
  "lockfileVersion": 1,
  "requires": true,
  "dependencies": {
    "jquery": {
      "version": "3.4.1",
      "resolved": "https://registry.npmjs.org/jquery/-/jquery-3.4.1.tgz",
      "integrity": "sha512-36+AdBzCL+y6qjw5Tx7HgzeGCzC81MDDgaUP8ld2zhx58HdqXGoBd+tHdrBMiyjGQs0Hxs/MLZTu/eHNJJuWPw=="
    },
    "jscroll": {
      "version": "2.4.1",
      "resolved": "https://registry.npmjs.org/jscroll/-/jscroll-2.4.1.tgz",
      "integrity": "sha512-REd02wSyp9+mfpv8/UIHYLZD4zPJ8Bqy5dN9x/DpZ5t/ivRZosEF2AjriZ/PKikx48/o+Ep6xAsNiZ6S26X2LQ=="
    }
  }
}
